
Microsoft Visual Studio Solution File, Format Version 12.00
# Visual Studio 15
VisualStudioVersion = 15.0.26228.10
MinimumVisualStudioVersion = 10.0.40219.1
Project("{8BC9CEB8-8B4A-11D0-8D11-00A0C91BC942}") = "matrix_transpose", "matrix_transpose.vcxproj", "{03DCEB1E-AF94-4EF6-9591-C93660AFA403}"
EndProject
Project("{8BC9CEB8-8B4A-11D0-8D11-00A0C91BC942}") = "matrix_multiply_cublas_compare", "matrix_multiply_cublas_compare.vcxproj", "{EE2494EE-E041-42EC-84F7-94C2A457A7A9}"
EndProject
Project("{8BC9CEB8-8B4A-11D0-8D11-00A0C91BC942}") = "matrix_multiply", "matrix_multiply.vcxproj", "{7BBFC3D8-243D-41D2-9273-71268D3B91D2}"
EndProject
Project("{8BC9CEB8-8B4A-11D0-8D11-00A0C91BC942}") = "matrix_hadamard", "matrix_hadamard.vcxproj", "{A79BD462-0BF6-4C31-8375-C25A9AABF0EC}"
EndProject
Global
	GlobalSection(SolutionConfigurationPlatforms) = preSolution
		Debug|x64 = Debug|x64
		Debug|x86 = Debug|x86
		Release|x64 = Release|x64
		Release|x86 = Release|x86
	EndGlobalSection
	GlobalSection(ProjectConfigurationPlatforms) = postSolution
		{03DCEB1E-AF94-4EF6-9591-C93660AFA403}.Debug|x64.ActiveCfg = Debug|x64
		{03DCEB1E-AF94-4EF6-9591-C93660AFA403}.Debug|x64.Build.0 = Debug|x64
		{03DCEB1E-AF94-4EF6-9591-C93660AFA403}.Debug|x86.ActiveCfg = Debug|x64
		{03DCEB1E-AF94-4EF6-9591-C93660AFA403}.Release|x64.ActiveCfg = Release|x64
		{03DCEB1E-AF94-4EF6-9591-C93660AFA403}.Release|x64.Build.0 = Release|x64
		{03DCEB1E-AF94-4EF6-9591-C93660AFA403}.Release|x86.ActiveCfg = Release|x64
		{EE2494EE-E041-42EC-84F7-94C2A457A7A9}.Debug|x64.ActiveCfg = Debug|x64
		{EE2494EE-E041-42EC-84F7-94C2A457A7A9}.Debug|x64.Build.0 = Debug|x64
		{EE2494EE-E041-42EC-84F7-94C2A457A7A9}.Debug|x86.ActiveCfg = Debug|x64
		{EE2494EE-E041-42EC-84F7-94C2A457A7A9}.Release|x64.ActiveCfg = Release|x64
		{EE2494EE-E041-42EC-84F7-94C2A457A7A9}.Release|x64.Build.0 = Release|x64
		{EE2494EE-E041-42EC-84F7-94C2A457A7A9}.Release|x86.ActiveCfg = Release|x64
		{7BBFC3D8-243D-41D2-9273-71268D3B91D2}.Debug|x64.ActiveCfg = Debug|x64
		{7BBFC3D8-243D-41D2-9273-71268D3B91D2}.Debug|x64.Build.0 = Debug|x64
		{7BBFC3D8-243D-41D2-9273-71268D3B91D2}.Debug|x86.ActiveCfg = Debug|x64
		{7BBFC3D8-243D-41D2-9273-71268D3B91D2}.Release|x64.ActiveCfg = Release|x64
		{7BBFC3D8-243D-41D2-9273-71268D3B91D2}.Release|x64.Build.0 = Release|x64
		{7BBFC3D8-243D-41D2-9273-71268D3B91D2}.Release|x86.ActiveCfg = Release|x64
		{A79BD462-0BF6-4C31-8375-C25A9AABF0EC}.Debug|x64.ActiveCfg = Debug|x64
		{A79BD462-0BF6-4C31-8375-C25A9AABF0EC}.Debug|x64.Build.0 = Debug|x64
		{A79BD462-0BF6-4C31-8375-C25A9AABF0EC}.Debug|x86.ActiveCfg = Debug|x64
		{A79BD462-0BF6-4C31-8375-C25A9AABF0EC}.Release|x64.ActiveCfg = Release|x64
		{A79BD462-0BF6-4C31-8375-C25A9AABF0EC}.Release|x64.Build.0 = Release|x64
		{A79BD462-0BF6-4C31-8375-C25A9AABF0EC}.Release|x86.ActiveCfg = Release|x64
	EndGlobalSection
	GlobalSection(SolutionProperties) = preSolution
		HideSolutionNode = FALSE
	EndGlobalSection
EndGlobal
